
Microsoft Visual Studio Solution File, Format Version 12.00
# Visual Studio Version 16
VisualStudioVersion = 16.0.32106.194
MinimumVisualStudioVersion = 10.0.40219.1
Project("{8BC9CEB8-8B4A-11D0-8D11-00A0C91BC942}") = "NAST3", "NAST3\NAST3.vcxproj", "{878779D6-3704-44C1-ADD5-AD2FF638C79B}"
EndProject
Project("{8BC9CEB8-8B4A-11D0-8D11-00A0C91BC942}") = "povis_9", "..\povis_9\povis_9\povis_9.vcxproj", "{BC0C5016-CEBB-43AA-96E4-82EBCDFED1C0}"
EndProject
Global
	GlobalSection(SolutionConfigurationPlatforms) = preSolution
		Debug|x64 = Debug|x64
		Debug|x86 = Debug|x86
		Release|x64 = Release|x64
		Release|x86 = Release|x86
	EndGlobalSection
	GlobalSection(ProjectConfigurationPlatforms) = postSolution
		{878779D6-3704-44C1-ADD5-AD2FF638C79B}.Debug|x64.ActiveCfg = Debug|x64
		{878779D6-3704-44C1-ADD5-AD2FF638C79B}.Debug|x64.Build.0 = Debug|x64
		{878779D6-3704-44C1-ADD5-AD2FF638C79B}.Debug|x86.ActiveCfg = Debug|Win32
		{878779D6-3704-44C1-ADD5-AD2FF638C79B}.Debug|x86.Build.0 = Debug|Win32
		{878779D6-3704-44C1-ADD5-AD2FF638C79B}.Release|x64.ActiveCfg = Release|x64
		{878779D6-3704-44C1-ADD5-AD2FF638C79B}.Release|x64.Build.0 = Release|x64
		{878779D6-3704-44C1-ADD5-AD2FF638C79B}.Release|x86.ActiveCfg = Release|Win32
		{878779D6-3704-44C1-ADD5-AD2FF638C79B}.Release|x86.Build.0 = Release|Win32
		{BC0C5016-CEBB-43AA-96E4-82EBCDFED1C0}.Debug|x64.ActiveCfg = Debug|x64
		{BC0C5016-CEBB-43AA-96E4-82EBCDFED1C0}.Debug|x64.Build.0 = Debug|x64
		{BC0C5016-CEBB-43AA-96E4-82EBCDFED1C0}.Debug|x86.ActiveCfg = Debug|Win32
		{BC0C5016-CEBB-43AA-96E4-82EBCDFED1C0}.Debug|x86.Build.0 = Debug|Win32
		{BC0C5016-CEBB-43AA-96E4-82EBCDFED1C0}.Release|x64.ActiveCfg = Release|x64
		{BC0C5016-CEBB-43AA-96E4-82EBCDFED1C0}.Release|x64.Build.0 = Release|x64
		{BC0C5016-CEBB-43AA-96E4-82EBCDFED1C0}.Release|x86.ActiveCfg = Release|Win32
		{BC0C5016-CEBB-43AA-96E4-82EBCDFED1C0}.Release|x86.Build.0 = Release|Win32
	EndGlobalSection
	GlobalSection(SolutionProperties) = preSolution
		HideSolutionNode = FALSE
	EndGlobalSection
	GlobalSection(ExtensibilityGlobals) = postSolution
		SolutionGuid = {9266F83D-E2A3-4219-BAFA-8253F59917E9}
	EndGlobalSection
EndGlobal
